
Microsoft Visual Studio Solution File, Format Version 12.00
# Visual Studio Version 18
VisualStudioVersion = 18.6.11822.322 stable
MinimumVisualStudioVersion = 10.0.40219.1
Project("{FAE04EC0-301F-11D3-BF4B-00C04F79EFBC}") = "StageManager", "StageManager\StageManager.csproj", "{49C408CC-8C73-4E1B-BCEC-729BFF93A4A8}"
EndProject
Global
	GlobalSection(SolutionConfigurationPlatforms) = preSolution
		Debug|Any CPU = Debug|Any CPU
		Release|Any CPU = Release|Any CPU
	EndGlobalSection
	GlobalSection(ProjectConfigurationPlatforms) = postSolution
		{49C408CC-8C73-4E1B-BCEC-729BFF93A4A8}.Debug|Any CPU.ActiveCfg = Debug|Any CPU
		{49C408CC-8C73-4E1B-BCEC-729BFF93A4A8}.Debug|Any CPU.Build.0 = Debug|Any CPU
		{49C408CC-8C73-4E1B-BCEC-729BFF93A4A8}.Release|Any CPU.ActiveCfg = Release|Any CPU
		{49C408CC-8C73-4E1B-BCEC-729BFF93A4A8}.Release|Any CPU.Build.0 = Release|Any CPU
	EndGlobalSection
	GlobalSection(SolutionProperties) = preSolution
		HideSolutionNode = FALSE
	EndGlobalSection
	GlobalSection(ExtensibilityGlobals) = postSolution
		SolutionGuid = {85AE4B13-72B8-4C2C-91A6-C703BA9F8C0C}
	EndGlobalSection
EndGlobal
